
Microsoft Visual Studio Solution File, Format Version 12.00
# Visual Studio Version 17
VisualStudioVersion = 17.11.35327.3
MinimumVisualStudioVersion = 10.0.40219.1
Project("{FAE04EC0-301F-11D3-BF4B-00C04F79EFBC}") = "WeatherApp", "WeatherApp.csproj", "{B1806A43-8C5E-4A0A-9ED1-3134E1916620}"
EndProject
Global
	GlobalSection(SolutionConfigurationPlatforms) = preSolution
		Debug|Any CPU = Debug|Any CPU
		Release|Any CPU = Release|Any CPU
	EndGlobalSection
	GlobalSection(ProjectConfigurationPlatforms) = postSolution
		{B1806A43-8C5E-4A0A-9ED1-3134E1916620}.Debug|Any CPU.ActiveCfg = Debug|Any CPU
		{B1806A43-8C5E-4A0A-9ED1-3134E1916620}.Debug|Any CPU.Build.0 = Debug|Any CPU
		{B1806A43-8C5E-4A0A-9ED1-3134E1916620}.Release|Any CPU.ActiveCfg = Release|Any CPU
		{B1806A43-8C5E-4A0A-9ED1-3134E1916620}.Release|Any CPU.Build.0 = Release|Any CPU
	EndGlobalSection
	GlobalSection(SolutionProperties) = preSolution
		HideSolutionNode = FALSE
	EndGlobalSection
	GlobalSection(ExtensibilityGlobals) = postSolution
		SolutionGuid = {62DAE583-9DB0-41F4-A7FE-B335EC7DDA88}
	EndGlobalSection
EndGlobal
