
Microsoft Visual Studio Solution File, Format Version 12.00
Project("{FAE04EC0-301F-11D3-BF4B-00C04F79EFBC}") = "ProjectsSharp", "ProjectsSharp\ProjectsSharp.csproj", "{6562FAF9-8AD3-40FE-B568-4BD2FA44C9A1}"
EndProject
Global
	GlobalSection(SolutionConfigurationPlatforms) = preSolution
		Debug|Any CPU = Debug|Any CPU
		Release|Any CPU = Release|Any CPU
	EndGlobalSection
	GlobalSection(ProjectConfigurationPlatforms) = postSolution
		{6562FAF9-8AD3-40FE-B568-4BD2FA44C9A1}.Debug|Any CPU.ActiveCfg = Debug|Any CPU
		{6562FAF9-8AD3-40FE-B568-4BD2FA44C9A1}.Debug|Any CPU.Build.0 = Debug|Any CPU
		{6562FAF9-8AD3-40FE-B568-4BD2FA44C9A1}.Release|Any CPU.ActiveCfg = Release|Any CPU
		{6562FAF9-8AD3-40FE-B568-4BD2FA44C9A1}.Release|Any CPU.Build.0 = Release|Any CPU
	EndGlobalSection
EndGlobal